
Microsoft Visual Studio Solution File, Format Version 12.00
# Visual Studio Version 17
VisualStudioVersion = 17.4.33213.308
MinimumVisualStudioVersion = 10.0.40219.1
Project("{FAE04EC0-301F-11D3-BF4B-00C04F79EFBC}") = "cipherzz", "cipherzz\cipherzz.csproj", "{635364BA-5D8E-4ACA-896F-B0E98EF46F7F}"
EndProject
Global
	GlobalSection(SolutionConfigurationPlatforms) = preSolution
		Debug|Any CPU = Debug|Any CPU
		Release|Any CPU = Release|Any CPU
	EndGlobalSection
	GlobalSection(ProjectConfigurationPlatforms) = postSolution
		{635364BA-5D8E-4ACA-896F-B0E98EF46F7F}.Debug|Any CPU.ActiveCfg = Debug|Any CPU
		{635364BA-5D8E-4ACA-896F-B0E98EF46F7F}.Debug|Any CPU.Build.0 = Debug|Any CPU
		{635364BA-5D8E-4ACA-896F-B0E98EF46F7F}.Release|Any CPU.ActiveCfg = Release|Any CPU
		{635364BA-5D8E-4ACA-896F-B0E98EF46F7F}.Release|Any CPU.Build.0 = Release|Any CPU
	EndGlobalSection
	GlobalSection(SolutionProperties) = preSolution
		HideSolutionNode = FALSE
	EndGlobalSection
	GlobalSection(ExtensibilityGlobals) = postSolution
		SolutionGuid = {3E4498FC-321F-4BE8-A4DE-FCF10C884DCB}
	EndGlobalSection
EndGlobal
